
Microsoft Visual Studio Solution File, Format Version 12.00
# Visual Studio 15
VisualStudioVersion = 15.0.26403.7
MinimumVisualStudioVersion = 15.0.26124.0
Project("{2150E333-8FDC-42A3-9474-1A3956D46DE8}") = "src", "src", "{BFBBA5C3-7EE3-4AB9-8FDA-991903132F62}"
EndProject
Project("{2150E333-8FDC-42A3-9474-1A3956D46DE8}") = "test", "test", "{B120709E-D431-49E7-803D-9F99F5A1CD26}"
EndProject
Project("{9A19103F-16F7-4668-BE54-9A1E7A4F7556}") = "Ofl.Configuration.Abstractions", "src\Ofl.Configuration.Abstractions\Ofl.Configuration.Abstractions.csproj", "{20BD87F5-C1A3-4DA7-AE3B-A770827A724B}"
EndProject
Project("{9A19103F-16F7-4668-BE54-9A1E7A4F7556}") = "Ofl.Configuration.Abstractions.Tests", "test\Ofl.Configuration.Abstractions.Tests\Ofl.Configuration.Abstractions.Tests.csproj", "{36E8D7B5-F586-4AD8-9935-AA73AE50EBB9}"
EndProject
Global
	GlobalSection(SolutionConfigurationPlatforms) = preSolution
		Debug|Any CPU = Debug|Any CPU
		Debug|x64 = Debug|x64
		Debug|x86 = Debug|x86
		Release|Any CPU = Release|Any CPU
		Release|x64 = Release|x64
		Release|x86 = Release|x86
	EndGlobalSection
	GlobalSection(ProjectConfigurationPlatforms) = postSolution
		{20BD87F5-C1A3-4DA7-AE3B-A770827A724B}.Debug|Any CPU.ActiveCfg = Debug|Any CPU
		{20BD87F5-C1A3-4DA7-AE3B-A770827A724B}.Debug|Any CPU.Build.0 = Debug|Any CPU
		{20BD87F5-C1A3-4DA7-AE3B-A770827A724B}.Debug|x64.ActiveCfg = Debug|Any CPU
		{20BD87F5-C1A3-4DA7-AE3B-A770827A724B}.Debug|x64.Build.0 = Debug|Any CPU
		{20BD87F5-C1A3-4DA7-AE3B-A770827A724B}.Debug|x86.ActiveCfg = Debug|Any CPU
		{20BD87F5-C1A3-4DA7-AE3B-A770827A724B}.Debug|x86.Build.0 = Debug|Any CPU
		{20BD87F5-C1A3-4DA7-AE3B-A770827A724B}.Release|Any CPU.ActiveCfg = Release|Any CPU
		{20BD87F5-C1A3-4DA7-AE3B-A770827A724B}.Release|Any CPU.Build.0 = Release|Any CPU
		{20BD87F5-C1A3-4DA7-AE3B-A770827A724B}.Release|x64.ActiveCfg = Release|Any CPU
		{20BD87F5-C1A3-4DA7-AE3B-A770827A724B}.Release|x64.Build.0 = Release|Any CPU
		{20BD87F5-C1A3-4DA7-AE3B-A770827A724B}.Release|x86.ActiveCfg = Release|Any CPU
		{20BD87F5-C1A3-4DA7-AE3B-A770827A724B}.Release|x86.Build.0 = Release|Any CPU
		{36E8D7B5-F586-4AD8-9935-AA73AE50EBB9}.Debug|Any CPU.ActiveCfg = Debug|Any CPU
		{36E8D7B5-F586-4AD8-9935-AA73AE50EBB9}.Debug|Any CPU.Build.0 = Debug|Any CPU
		{36E8D7B5-F586-4AD8-9935-AA73AE50EBB9}.Debug|x64.ActiveCfg = Debug|Any CPU
		{36E8D7B5-F586-4AD8-9935-AA73AE50EBB9}.Debug|x64.Build.0 = Debug|Any CPU
		{36E8D7B5-F586-4AD8-9935-AA73AE50EBB9}.Debug|x86.ActiveCfg = Debug|Any CPU
		{36E8D7B5-F586-4AD8-9935-AA73AE50EBB9}.Debug|x86.Build.0 = Debug|Any CPU
		{36E8D7B5-F586-4AD8-9935-AA73AE50EBB9}.Release|Any CPU.ActiveCfg = Release|Any CPU
		{36E8D7B5-F586-4AD8-9935-AA73AE50EBB9}.Release|Any CPU.Build.0 = Release|Any CPU
		{36E8D7B5-F586-4AD8-9935-AA73AE50EBB9}.Release|x64.ActiveCfg = Release|Any CPU
		{36E8D7B5-F586-4AD8-9935-AA73AE50EBB9}.Release|x64.Build.0 = Release|Any CPU
		{36E8D7B5-F586-4AD8-9935-AA73AE50EBB9}.Release|x86.ActiveCfg = Release|Any CPU
		{36E8D7B5-F586-4AD8-9935-AA73AE50EBB9}.Release|x86.Build.0 = Release|Any CPU
	EndGlobalSection
	GlobalSection(SolutionProperties) = preSolution
		HideSolutionNode = FALSE
	EndGlobalSection
	GlobalSection(NestedProjects) = preSolution
		{20BD87F5-C1A3-4DA7-AE3B-A770827A724B} = {BFBBA5C3-7EE3-4AB9-8FDA-991903132F62}
		{36E8D7B5-F586-4AD8-9935-AA73AE50EBB9} = {B120709E-D431-49E7-803D-9F99F5A1CD26}
	EndGlobalSection
EndGlobal
